// !$*UTF8*$!
{
	archiveVersion = 1;
	classes = {
	};
	objectVersion = 77;
	objects = {

/* Begin PBXContainerItemProxy section */
		9477F6A72FB0EDD2002B7FCA /* PBXContainerItemProxy */ = {
			isa = PBXContainerItemProxy;
			containerPortal = 9477F6912FB0EDD1002B7FCA /* Project object */;
			proxyType = 1;
			remoteGlobalIDString = 9477F6982FB0EDD1002B7FCA;
			remoteInfo = CaptureFlow;
		};
		9477F6B12FB0EDD2002B7FCA /* PBXContainerItemProxy */ = {
			isa = PBXContainerItemProxy;
			containerPortal = 9477F6912FB0EDD1002B7FCA /* Project object */;
			proxyType = 1;
			remoteGlobalIDString = 9477F6982FB0EDD1002B7FCA;
			remoteInfo = CaptureFlow;
		};
/* End PBXContainerItemProxy section */

/* Begin PBXFileReference section */
		9477F6992FB0EDD1002B7FCA /* CaptureFlow.app */ = {isa = PBXFileReference; explicitFileType = wrapper.application; includeInIndex = 0; path = CaptureFlow.app; sourceTree = BUILT_PRODUCTS_DIR; };
		9477F6A62FB0EDD2002B7FCA /* CaptureFlowTests.xctest */ = {isa = PBXFileReference; explicitFileType = wrapper.cfbundle; includeInIndex = 0; path = CaptureFlowTests.xctest; sourceTree = BUILT_PRODUCTS_DIR; };
		9477F6B02FB0EDD2002B7FCA /* CaptureFlowUITests.xctest */ = {isa = PBXFileReference; explicitFileType = wrapper.cfbundle; includeInIndex = 0; path = CaptureFlowUITests.xctest; sourceTree = BUILT_PRODUCTS_DIR; };
/* End PBXFileReference section */

/* Begin PBXFileSystemSynchronizedRootGroup section */
		9477F69B2FB0EDD1002B7FCA /* CaptureFlow */ = {
			isa = PBXFileSystemSynchronizedRootGroup;
			path = CaptureFlow;
			sourceTree = "<group>";
		};
		9477F6A92FB0EDD2002B7FCA /* CaptureFlowTests */ = {
			isa = PBXFileSystemSynchronizedRootGroup;
			path = CaptureFlowTests;
			sourceTree = "<group>";
		};
		9477F6B32FB0EDD2002B7FCA /* CaptureFlowUITests */ = {
			isa = PBXFileSystemSynchronizedRootGroup;
			path = CaptureFlowUITests;
			sourceTree = "<group>";
		};
/* End PBXFileSystemSynchronizedRootGroup section */

/* Begin PBXFrameworksBuildPhase section */
		9477F6962FB0EDD1002B7FCA /* Frameworks */ = {
			isa = PBXFrameworksBuildPhase;
			buildActionMask = 2147483647;
			files = (
			);
			runOnlyForDeploymentPostprocessing = 0;
		};
		9477F6A32FB0EDD2002B7FCA /* Frameworks */ = {
			isa = PBXFrameworksBuildPhase;
			buildActionMask = 2147483647;
			files = (
			);
			runOnlyForDeploymentPostprocessing = 0;
		};
		9477F6AD2FB0EDD2002B7FCA /* Frameworks */ = {
			isa = PBXFrameworksBuildPhase;
			buildActionMask = 2147483647;
			files = (
			);
			runOnlyForDeploymentPostprocessing = 0;
		};
/* End PBXFrameworksBuildPhase section */

/* Begin PBXGroup section */
		9477F6902FB0EDD1002B7FCA = {
			isa = PBXGroup;
			children = (
				9477F69B2FB0EDD1002B7FCA /* CaptureFlow */,
				9477F6A92FB0EDD2002B7FCA /* CaptureFlowTests */,
				9477F6B32FB0EDD2002B7FCA /* CaptureFlowUITests */,
				9477F69A2FB0EDD1002B7FCA /* Products */,
			);
			sourceTree = "<group>";
		};
		9477F69A2FB0EDD1002B7FCA /* Products */ = {
			isa = PBXGroup;
			children = (
				9477F6992FB0EDD1002B7FCA /* CaptureFlow.app */,
				9477F6A62FB0EDD2002B7FCA /* CaptureFlowTests.xctest */,
				9477F6B02FB0EDD2002B7FCA /* CaptureFlowUITests.xctest */,
			);
			name = Products;
			sourceTree = "<group>";
		};
/* End PBXGroup section */

/* Begin PBXNativeTarget section */
		9477F6982FB0EDD1002B7FCA /* CaptureFlow */ = {
			isa = PBXNativeTarget;
			buildConfigurationList = 9477F6BA2FB0EDD3002B7FCA /* Build configuration list for PBXNativeTarget "CaptureFlow" */;
			buildPhases = (
				9477F6952FB0EDD1002B7FCA /* Sources */,
				9477F6962FB0EDD1002B7FCA /* Frameworks */,
				9477F6972FB0EDD1002B7FCA /* Resources */,
			);
			buildRules = (
			);
			dependencies = (
			);
			fileSystemSynchronizedGroups = (
				9477F69B2FB0EDD1002B7FCA /* CaptureFlow */,
			);
			name = CaptureFlow;
			packageProductDependencies = (
			);
			productName = CaptureFlow;
			productReference = 9477F6992FB0EDD1002B7FCA /* CaptureFlow.app */;
			productType = "com.apple.product-type.application";
		};
		9477F6A52FB0EDD2002B7FCA /* CaptureFlowTests */ = {
			isa = PBXNativeTarget;
			buildConfigurationList = 9477F6BD2FB0EDD3002B7FCA /* Build configuration list for PBXNativeTarget "CaptureFlowTests" */;
			buildPhases = (
				9477F6A22FB0EDD2002B7FCA /* Sources */,
				9477F6A32FB0EDD2002B7FCA /* Frameworks */,
				9477F6A42FB0EDD2002B7FCA /* Resources */,
			);
			buildRules = (
			);
			dependencies = (
				9477F6A82FB0EDD2002B7FCA /* PBXTargetDependency */,
			);
			fileSystemSynchronizedGroups = (
				9477F6A92FB0EDD2002B7FCA /* CaptureFlowTests */,
			);
			name = CaptureFlowTests;
			packageProductDependencies = (
			);
			productName = CaptureFlowTests;
			productReference = 9477F6A62FB0EDD2002B7FCA /* CaptureFlowTests.xctest */;
			productType = "com.apple.product-type.bundle.unit-test";
		};
		9477F6AF2FB0EDD2002B7FCA /* CaptureFlowUITests */ = {
			isa = PBXNativeTarget;
			buildConfigurationList = 9477F6C02FB0EDD3002B7FCA /* Build configuration list for PBXNativeTarget "CaptureFlowUITests" */;
			buildPhases = (
				9477F6AC2FB0EDD2002B7FCA /* Sources */,
				9477F6AD2FB0EDD2002B7FCA /* Frameworks */,
				9477F6AE2FB0EDD2002B7FCA /* Resources */,
			);
			buildRules = (
			);
			dependencies = (
				9477F6B22FB0EDD2002B7FCA /* PBXTargetDependency */,
			);
			fileSystemSynchronizedGroups = (
				9477F6B32FB0EDD2002B7FCA /* CaptureFlowUITests */,
			);
			name = CaptureFlowUITests;
			packageProductDependencies = (
			);
			productName = CaptureFlowUITests;
			productReference = 9477F6B02FB0EDD2002B7FCA /* CaptureFlowUITests.xctest */;
			productType = "com.apple.product-type.bundle.ui-testing";
		};
/* End PBXNativeTarget section */

/* Begin PBXProject section */
		9477F6912FB0EDD1002B7FCA /* Project object */ = {
			isa = PBXProject;
			attributes = {
				BuildIndependentTargetsInParallel = 1;
				LastSwiftUpdateCheck = 2630;
				LastUpgradeCheck = 2630;
				TargetAttributes = {
					9477F6982FB0EDD1002B7FCA = {
						CreatedOnToolsVersion = 26.3;
					};
					9477F6A52FB0EDD2002B7FCA = {
						CreatedOnToolsVersion = 26.3;
						TestTargetID = 9477F6982FB0EDD1002B7FCA;
					};
					9477F6AF2FB0EDD2002B7FCA = {
						CreatedOnToolsVersion = 26.3;
						TestTargetID = 9477F6982FB0EDD1002B7FCA;
					};
				};
			};
			buildConfigurationList = 9477F6942FB0EDD1002B7FCA /* Build configuration list for PBXProject "CaptureFlow" */;
			developmentRegion = en;
			hasScannedForEncodings = 0;
			knownRegions = (
				en,
				Base,
			);
			mainGroup = 9477F6902FB0EDD1002B7FCA;
			minimizedProjectReferenceProxies = 1;
			preferredProjectObjectVersion = 77;
			productRefGroup = 9477F69A2FB0EDD1002B7FCA /* Products */;
			projectDirPath = "";
			projectRoot = "";
			targets = (
				9477F6982FB0EDD1002B7FCA /* CaptureFlow */,
				9477F6A52FB0EDD2002B7FCA /* CaptureFlowTests */,
				9477F6AF2FB0EDD2002B7FCA /* CaptureFlowUITests */,
			);
		};
/* End PBXProject section */

/* Begin PBXResourcesBuildPhase section */
		9477F6972FB0EDD1002B7FCA /* Resources */ = {
			isa = PBXResourcesBuildPhase;
			buildActionMask = 2147483647;
			files = (
			);
			runOnlyForDeploymentPostprocessing = 0;
		};
		9477F6A42FB0EDD2002B7FCA /* Resources */ = {
			isa = PBXResourcesBuildPhase;
			buildActionMask = 2147483647;
			files = (
			);
			runOnlyForDeploymentPostprocessing = 0;
		};
		9477F6AE2FB0EDD2002B7FCA /* Resources */ = {
			isa = PBXResourcesBuildPhase;
			buildActionMask = 2147483647;
			files = (
			);
			runOnlyForDeploymentPostprocessing = 0;
		};
/* End PBXResourcesBuildPhase section */

/* Begin PBXSourcesBuildPhase section */
		9477F6952FB0EDD1002B7FCA /* Sources */ = {
			isa = PBXSourcesBuildPhase;
			buildActionMask = 2147483647;
			files = (
			);
			runOnlyForDeploymentPostprocessing = 0;
		};
		9477F6A22FB0EDD2002B7FCA /* Sources */ = {
			isa = PBXSourcesBuildPhase;
			buildActionMask = 2147483647;
			files = (
			);
			runOnlyForDeploymentPostprocessing = 0;
		};
		9477F6AC2FB0EDD2002B7FCA /* Sources */ = {
			isa = PBXSourcesBuildPhase;
			buildActionMask = 2147483647;
			files = (
			);
			runOnlyForDeploymentPostprocessing = 0;
		};
/* End PBXSourcesBuildPhase section */

/* Begin PBXTargetDependency section */
		9477F6A82FB0EDD2002B7FCA /* PBXTargetDependency */ = {
			isa = PBXTargetDependency;
			target = 9477F6982FB0EDD1002B7FCA /* CaptureFlow */;
			targetProxy = 9477F6A72FB0EDD2002B7FCA /* PBXContainerItemProxy */;
		};
		9477F6B22FB0EDD2002B7FCA /* PBXTargetDependency */ = {
			isa = PBXTargetDependency;
			target = 9477F6982FB0EDD1002B7FCA /* CaptureFlow */;
			targetProxy = 9477F6B12FB0EDD2002B7FCA /* PBXContainerItemProxy */;
		};
/* End PBXTargetDependency section */

/* Begin XCBuildConfiguration section */
		9477F6B82FB0EDD3002B7FCA /* Debug */ = {
			isa = XCBuildConfiguration;
			buildSettings = {
				ALWAYS_SEARCH_USER_PATHS = NO;
				ASSETCATALOG_COMPILER_GENERATE_SWIFT_ASSET_SYMBOL_EXTENSIONS = YES;
				CLANG_ANALYZER_NONNULL = YES;
				CLANG_ANALYZER_NUMBER_OBJECT_CONVERSION = YES_AGGRESSIVE;
				CLANG_CXX_LANGUAGE_STANDARD = "gnu++20";
				CLANG_ENABLE_MODULES = YES;
				CLANG_ENABLE_OBJC_ARC = YES;
				CLANG_ENABLE_OBJC_WEAK = YES;
				CLANG_WARN_BLOCK_CAPTURE_AUTORELEASING = YES;
				CLANG_WARN_BOOL_CONVERSION = YES;
				CLANG_WARN_COMMA = YES;
				CLANG_WARN_CONSTANT_CONVERSION = YES;
				CLANG_WARN_DEPRECATED_OBJC_IMPLEMENTATIONS = YES;
				CLANG_WARN_DIRECT_OBJC_ISA_USAGE = YES_ERROR;
				CLANG_WARN_DOCUMENTATION_COMMENTS = YES;
				CLANG_WARN_EMPTY_BODY = YES;
				CLANG_WARN_ENUM_CONVERSION = YES;
				CLANG_WARN_INFINITE_RECURSION = YES;
				CLANG_WARN_INT_CONVERSION = YES;
				CLANG_WARN_NON_LITERAL_NULL_CONVERSION = YES;
				CLANG_WARN_OBJC_IMPLICIT_RETAIN_SELF = YES;
				CLANG_WARN_OBJC_LITERAL_CONVERSION = YES;
				CLANG_WARN_OBJC_ROOT_CLASS = YES_ERROR;
				CLANG_WARN_QUOTED_INCLUDE_IN_FRAMEWORK_HEADER = YES;
				CLANG_WARN_RANGE_LOOP_ANALYSIS = YES;
				CLANG_WARN_STRICT_PROTOTYPES = YES;
				CLANG_WARN_SUSPICIOUS_MOVE = YES;
				CLANG_WARN_UNGUARDED_AVAILABILITY = YES_AGGRESSIVE;
				CLANG_WARN_UNREACHABLE_CODE = YES;
				CLANG_WARN__DUPLICATE_METHOD_MATCH = YES;
				COPY_PHASE_STRIP = NO;
				DEBUG_INFORMATION_FORMAT = dwarf;
				DEVELOPMENT_TEAM = Q8K3DDFT5E;
				ENABLE_STRICT_OBJC_MSGSEND = YES;
				ENABLE_TESTABILITY = YES;
				ENABLE_USER_SCRIPT_SANDBOXING = YES;
				GCC_C_LANGUAGE_STANDARD = gnu17;
				GCC_DYNAMIC_NO_PIC = NO;
				GCC_NO_COMMON_BLOCKS = YES;
				GCC_OPTIMIZATION_LEVEL = 0;
				GCC_PREPROCESSOR_DEFINITIONS = (
					"DEBUG=1",
					"$(inherited)",
				);
				GCC_WARN_64_TO_32_BIT_CONVERSION = YES;
				GCC_WARN_ABOUT_RETURN_TYPE = YES_ERROR;
				GCC_WARN_UNDECLARED_SELECTOR = YES;
				GCC_WARN_UNINITIALIZED_AUTOS = YES_AGGRESSIVE;
				GCC_WARN_UNUSED_FUNCTION = YES;
				GCC_WARN_UNUSED_VARIABLE = YES;
				IPHONEOS_DEPLOYMENT_TARGET = 26.2;
				LOCALIZATION_PREFERS_STRING_CATALOGS = YES;
				MTL_ENABLE_DEBUG_INFO = INCLUDE_SOURCE;
				MTL_FAST_MATH = YES;
				ONLY_ACTIVE_ARCH = YES;
				SDKROOT = iphoneos;
				SWIFT_ACTIVE_COMPILATION_CONDITIONS = "DEBUG $(inherited)";
				SWIFT_OPTIMIZATION_LEVEL = "-Onone";
			};
			name = Debug;
		};
		9477F6B92FB0EDD3002B7FCA /* Release */ = {
			isa = XCBuildConfiguration;
			buildSettings = {
				ALWAYS_SEARCH_USER_PATHS = NO;
				ASSETCATALOG_COMPILER_GENERATE_SWIFT_ASSET_SYMBOL_EXTENSIONS = YES;
				CLANG_ANALYZER_NONNULL = YES;
				CLANG_ANALYZER_NUMBER_OBJECT_CONVERSION = YES_AGGRESSIVE;
				CLANG_CXX_LANGUAGE_STANDARD = "gnu++20";
				CLANG_ENABLE_MODULES = YES;
				CLANG_ENABLE_OBJC_ARC = YES;
				CLANG_ENABLE_OBJC_WEAK = YES;
				CLANG_WARN_BLOCK_CAPTURE_AUTORELEASING = YES;
				CLANG_WARN_BOOL_CONVERSION = YES;
				CLANG_WARN_COMMA = YES;
				CLANG_WARN_CONSTANT_CONVERSION = YES;
				CLANG_WARN_DEPRECATED_OBJC_IMPLEMENTATIONS = YES;
				CLANG_WARN_DIRECT_OBJC_ISA_USAGE = YES_ERROR;
				CLANG_WARN_DOCUMENTATION_COMMENTS = YES;
				CLANG_WARN_EMPTY_BODY = YES;
				CLANG_WARN_ENUM_CONVERSION = YES;
				CLANG_WARN_INFINITE_RECURSION = YES;
				CLANG_WARN_INT_CONVERSION = YES;
				CLANG_WARN_NON_LITERAL_NULL_CONVERSION = YES;
				CLANG_WARN_OBJC_IMPLICIT_RETAIN_SELF = YES;
				CLANG_WARN_OBJC_LITERAL_CONVERSION = YES;
				CLANG_WARN_OBJC_ROOT_CLASS = YES_ERROR;
				CLANG_WARN_QUOTED_INCLUDE_IN_FRAMEWORK_HEADER = YES;
				CLANG_WARN_RANGE_LOOP_ANALYSIS = YES;
				CLANG_WARN_STRICT_PROTOTYPES = YES;
				CLANG_WARN_SUSPICIOUS_MOVE = YES;
				CLANG_WARN_UNGUARDED_AVAILABILITY = YES_AGGRESSIVE;
				CLANG_WARN_UNREACHABLE_CODE = YES;
				CLANG_WARN__DUPLICATE_METHOD_MATCH = YES;
				COPY_PHASE_STRIP = NO;
				DEBUG_INFORMATION_FORMAT = "dwarf-with-dsym";
				DEVELOPMENT_TEAM = Q8K3DDFT5E;
				ENABLE_NS_ASSERTIONS = NO;
				ENABLE_STRICT_OBJC_MSGSEND = YES;
				ENABLE_USER_SCRIPT_SANDBOXING = YES;
				GCC_C_LANGUAGE_STANDARD = gnu17;
				GCC_NO_COMMON_BLOCKS = YES;
				GCC_WARN_64_TO_32_BIT_CONVERSION = YES;
				GCC_WARN_ABOUT_RETURN_TYPE = YES_ERROR;
				GCC_WARN_UNDECLARED_SELECTOR = YES;
				GCC_WARN_UNINITIALIZED_AUTOS = YES_AGGRESSIVE;
				GCC_WARN_UNUSED_FUNCTION = YES;
				GCC_WARN_UNUSED_VARIABLE = YES;
				IPHONEOS_DEPLOYMENT_TARGET = 26.2;
				LOCALIZATION_PREFERS_STRING_CATALOGS = YES;
				MTL_ENABLE_DEBUG_INFO = NO;
				MTL_FAST_MATH = YES;
				SDKROOT = iphoneos;
				SWIFT_COMPILATION_MODE = wholemodule;
				VALIDATE_PRODUCT = YES;
			};
			name = Release;
		};
		9477F6BB2FB0EDD3002B7FCA /* Debug */ = {
			isa = XCBuildConfiguration;
			buildSettings = {
				ASSETCATALOG_COMPILER_APPICON_NAME = AppIcon;
				ASSETCATALOG_COMPILER_GLOBAL_ACCENT_COLOR_NAME = AccentColor;
				CODE_SIGN_STYLE = Automatic;
				CURRENT_PROJECT_VERSION = 1;
				DEVELOPMENT_TEAM = Q8K3DDFT5E;
				ENABLE_PREVIEWS = YES;
				GENERATE_INFOPLIST_FILE = YES;
				INFOPLIST_KEY_NSCalendarsFullAccessUsageDescription = "Create calendar events from captured action cards.";
				INFOPLIST_KEY_NSCameraUsageDescription = "Capture photos to generate local action cards.";
				INFOPLIST_KEY_NSRemindersFullAccessUsageDescription = "Create reminders from captured action cards.";
				INFOPLIST_KEY_UIApplicationSceneManifest_Generation = YES;
				INFOPLIST_KEY_UIApplicationSupportsIndirectInputEvents = YES;
				INFOPLIST_KEY_UILaunchScreen_Generation = NO;
				INFOPLIST_KEY_UILaunchStoryboardName = LaunchScreen;
				INFOPLIST_KEY_UISupportedInterfaceOrientations = UIInterfaceOrientationPortrait;
				INFOPLIST_KEY_UISupportedInterfaceOrientations_iPad = "UIInterfaceOrientationLandscapeLeft UIInterfaceOrientationLandscapeRight UIInterfaceOrientationPortrait UIInterfaceOrientationPortraitUpsideDown";
				IPHONEOS_DEPLOYMENT_TARGET = 26.0;
				LD_RUNPATH_SEARCH_PATHS = (
					"$(inherited)",
					"@executable_path/Frameworks",
				);
				MARKETING_VERSION = 1.0;
				PRODUCT_BUNDLE_IDENTIFIER = com.mike.chen.CaptureFlow;
				PRODUCT_NAME = "$(TARGET_NAME)";
				STRING_CATALOG_GENERATE_SYMBOLS = YES;
				SUPPORTED_PLATFORMS = "iphoneos iphonesimulator";
				SUPPORTS_MACCATALYST = NO;
				SUPPORTS_MAC_DESIGNED_FOR_IPHONE_IPAD = NO;
				SUPPORTS_XR_DESIGNED_FOR_IPHONE_IPAD = NO;
				SWIFT_APPROACHABLE_CONCURRENCY = YES;
				SWIFT_DEFAULT_ACTOR_ISOLATION = MainActor;
				SWIFT_EMIT_LOC_STRINGS = YES;
				SWIFT_UPCOMING_FEATURE_MEMBER_IMPORT_VISIBILITY = YES;
				SWIFT_VERSION = 5.0;
				TARGETED_DEVICE_FAMILY = "1,2";
			};
			name = Debug;
		};
		9477F6BC2FB0EDD3002B7FCA /* Release */ = {
			isa = XCBuildConfiguration;
			buildSettings = {
				ASSETCATALOG_COMPILER_APPICON_NAME = AppIcon;
				ASSETCATALOG_COMPILER_GLOBAL_ACCENT_COLOR_NAME = AccentColor;
				CODE_SIGN_STYLE = Automatic;
				CURRENT_PROJECT_VERSION = 1;
				DEVELOPMENT_TEAM = Q8K3DDFT5E;
				ENABLE_PREVIEWS = YES;
				GENERATE_INFOPLIST_FILE = YES;
				INFOPLIST_KEY_NSCalendarsFullAccessUsageDescription = "Create calendar events from captured action cards.";
				INFOPLIST_KEY_NSCameraUsageDescription = "Capture photos to generate local action cards.";
				INFOPLIST_KEY_NSRemindersFullAccessUsageDescription = "Create reminders from captured action cards.";
				INFOPLIST_KEY_UIApplicationSceneManifest_Generation = YES;
				INFOPLIST_KEY_UIApplicationSupportsIndirectInputEvents = YES;
				INFOPLIST_KEY_UILaunchScreen_Generation = NO;
				INFOPLIST_KEY_UILaunchStoryboardName = LaunchScreen;
				INFOPLIST_KEY_UISupportedInterfaceOrientations = UIInterfaceOrientationPortrait;
				INFOPLIST_KEY_UISupportedInterfaceOrientations_iPad = "UIInterfaceOrientationLandscapeLeft UIInterfaceOrientationLandscapeRight UIInterfaceOrientationPortrait UIInterfaceOrientationPortraitUpsideDown";
				IPHONEOS_DEPLOYMENT_TARGET = 26.0;
				LD_RUNPATH_SEARCH_PATHS = (
					"$(inherited)",
					"@executable_path/Frameworks",
				);
				MARKETING_VERSION = 1.0;
				PRODUCT_BUNDLE_IDENTIFIER = com.mike.chen.CaptureFlow;
				PRODUCT_NAME = "$(TARGET_NAME)";
				STRING_CATALOG_GENERATE_SYMBOLS = YES;
				SUPPORTED_PLATFORMS = "iphoneos iphonesimulator";
				SUPPORTS_MACCATALYST = NO;
				SUPPORTS_MAC_DESIGNED_FOR_IPHONE_IPAD = NO;
				SUPPORTS_XR_DESIGNED_FOR_IPHONE_IPAD = NO;
				SWIFT_APPROACHABLE_CONCURRENCY = YES;
				SWIFT_DEFAULT_ACTOR_ISOLATION = MainActor;
				SWIFT_EMIT_LOC_STRINGS = YES;
				SWIFT_UPCOMING_FEATURE_MEMBER_IMPORT_VISIBILITY = YES;
				SWIFT_VERSION = 5.0;
				TARGETED_DEVICE_FAMILY = "1,2";
			};
			name = Release;
		};
		9477F6BE2FB0EDD3002B7FCA /* Debug */ = {
			isa = XCBuildConfiguration;
			buildSettings = {
				BUNDLE_LOADER = "$(TEST_HOST)";
				CODE_SIGN_STYLE = Automatic;
				CURRENT_PROJECT_VERSION = 1;
				DEVELOPMENT_TEAM = Q8K3DDFT5E;
				GENERATE_INFOPLIST_FILE = YES;
				IPHONEOS_DEPLOYMENT_TARGET = 26.2;
				MARKETING_VERSION = 1.0;
				PRODUCT_BUNDLE_IDENTIFIER = com.mike.chen.CaptureFlowTests;
				PRODUCT_NAME = "$(TARGET_NAME)";
				STRING_CATALOG_GENERATE_SYMBOLS = NO;
				SWIFT_APPROACHABLE_CONCURRENCY = YES;
				SWIFT_EMIT_LOC_STRINGS = NO;
				SWIFT_UPCOMING_FEATURE_MEMBER_IMPORT_VISIBILITY = YES;
				SWIFT_VERSION = 5.0;
				TARGETED_DEVICE_FAMILY = "1,2";
				TEST_HOST = "$(BUILT_PRODUCTS_DIR)/CaptureFlow.app/$(BUNDLE_EXECUTABLE_FOLDER_PATH)/CaptureFlow";
			};
			name = Debug;
		};
		9477F6BF2FB0EDD3002B7FCA /* Release */ = {
			isa = XCBuildConfiguration;
			buildSettings = {
				BUNDLE_LOADER = "$(TEST_HOST)";
				CODE_SIGN_STYLE = Automatic;
				CURRENT_PROJECT_VERSION = 1;
				DEVELOPMENT_TEAM = Q8K3DDFT5E;
				GENERATE_INFOPLIST_FILE = YES;
				IPHONEOS_DEPLOYMENT_TARGET = 26.2;
				MARKETING_VERSION = 1.0;
				PRODUCT_BUNDLE_IDENTIFIER = com.mike.chen.CaptureFlowTests;
				PRODUCT_NAME = "$(TARGET_NAME)";
				STRING_CATALOG_GENERATE_SYMBOLS = NO;
				SWIFT_APPROACHABLE_CONCURRENCY = YES;
				SWIFT_EMIT_LOC_STRINGS = NO;
				SWIFT_UPCOMING_FEATURE_MEMBER_IMPORT_VISIBILITY = YES;
				SWIFT_VERSION = 5.0;
				TARGETED_DEVICE_FAMILY = "1,2";
				TEST_HOST = "$(BUILT_PRODUCTS_DIR)/CaptureFlow.app/$(BUNDLE_EXECUTABLE_FOLDER_PATH)/CaptureFlow";
			};
			name = Release;
		};
		9477F6C12FB0EDD3002B7FCA /* Debug */ = {
			isa = XCBuildConfiguration;
			buildSettings = {
				CODE_SIGN_STYLE = Automatic;
				CURRENT_PROJECT_VERSION = 1;
				DEVELOPMENT_TEAM = Q8K3DDFT5E;
				GENERATE_INFOPLIST_FILE = YES;
				MARKETING_VERSION = 1.0;
				PRODUCT_BUNDLE_IDENTIFIER = com.mike.chen.CaptureFlowUITests;
				PRODUCT_NAME = "$(TARGET_NAME)";
				STRING_CATALOG_GENERATE_SYMBOLS = NO;
				SWIFT_APPROACHABLE_CONCURRENCY = YES;
				SWIFT_EMIT_LOC_STRINGS = NO;
				SWIFT_UPCOMING_FEATURE_MEMBER_IMPORT_VISIBILITY = YES;
				SWIFT_VERSION = 5.0;
				TARGETED_DEVICE_FAMILY = "1,2";
				TEST_TARGET_NAME = CaptureFlow;
			};
			name = Debug;
		};
		9477F6C22FB0EDD3002B7FCA /* Release */ = {
			isa = XCBuildConfiguration;
			buildSettings = {
				CODE_SIGN_STYLE = Automatic;
				CURRENT_PROJECT_VERSION = 1;
				DEVELOPMENT_TEAM = Q8K3DDFT5E;
				GENERATE_INFOPLIST_FILE = YES;
				MARKETING_VERSION = 1.0;
				PRODUCT_BUNDLE_IDENTIFIER = com.mike.chen.CaptureFlowUITests;
				PRODUCT_NAME = "$(TARGET_NAME)";
				STRING_CATALOG_GENERATE_SYMBOLS = NO;
				SWIFT_APPROACHABLE_CONCURRENCY = YES;
				SWIFT_EMIT_LOC_STRINGS = NO;
				SWIFT_UPCOMING_FEATURE_MEMBER_IMPORT_VISIBILITY = YES;
				SWIFT_VERSION = 5.0;
				TARGETED_DEVICE_FAMILY = "1,2";
				TEST_TARGET_NAME = CaptureFlow;
			};
			name = Release;
		};
/* End XCBuildConfiguration section */

/* Begin XCConfigurationList section */
		9477F6942FB0EDD1002B7FCA /* Build configuration list for PBXProject "CaptureFlow" */ = {
			isa = XCConfigurationList;
			buildConfigurations = (
				9477F6B82FB0EDD3002B7FCA /* Debug */,
				9477F6B92FB0EDD3002B7FCA /* Release */,
			);
			defaultConfigurationIsVisible = 0;
			defaultConfigurationName = Release;
		};
		9477F6BA2FB0EDD3002B7FCA /* Build configuration list for PBXNativeTarget "CaptureFlow" */ = {
			isa = XCConfigurationList;
			buildConfigurations = (
				9477F6BB2FB0EDD3002B7FCA /* Debug */,
				9477F6BC2FB0EDD3002B7FCA /* Release */,
			);
			defaultConfigurationIsVisible = 0;
			defaultConfigurationName = Release;
		};
		9477F6BD2FB0EDD3002B7FCA /* Build configuration list for PBXNativeTarget "CaptureFlowTests" */ = {
			isa = XCConfigurationList;
			buildConfigurations = (
				9477F6BE2FB0EDD3002B7FCA /* Debug */,
				9477F6BF2FB0EDD3002B7FCA /* Release */,
			);
			defaultConfigurationIsVisible = 0;
			defaultConfigurationName = Release;
		};
		9477F6C02FB0EDD3002B7FCA /* Build configuration list for PBXNativeTarget "CaptureFlowUITests" */ = {
			isa = XCConfigurationList;
			buildConfigurations = (
				9477F6C12FB0EDD3002B7FCA /* Debug */,
				9477F6C22FB0EDD3002B7FCA /* Release */,
			);
			defaultConfigurationIsVisible = 0;
			defaultConfigurationName = Release;
		};
/* End XCConfigurationList section */
	};
	rootObject = 9477F6912FB0EDD1002B7FCA /* Project object */;
}
